# generated by rye
# use `rye lock` or `rye sync` to update this lockfile
#
# last locked with the following flags:
#   pre: false
#   features: []
#   all-features: false
#   with-sources: false
#   generate-hashes: false
#   universal: false

-e file:.
pyqt6==6.7.1
    # via yt-dlp-gui
pyqt6-qt6==6.7.3
    # via pyqt6
pyqt6-sip==13.8.0
    # via pyqt6
yt-dlp==2024.11.18
    # via yt-dlp-gui
